
Microsoft Visual Studio Solution File, Format Version 12.00
# Visual Studio Version 17
VisualStudioVersion = 17.10.35122.118
MinimumVisualStudioVersion = 10.0.40219.1
Project("{FAE04EC0-301F-11D3-BF4B-00C04F79EFBC}") = "VideoHost.Server", "VideoHost.Server\VideoHost.Server.csproj", "{30C5B38B-CBBA-4089-945F-F69C4D8B55D8}"
EndProject
Project("{54A90642-561A-4BB1-A94E-469ADEE60C69}") = "videohost.client", "videohost.client\videohost.client.esproj", "{4432EF6A-1315-476C-824E-86C9CB507F05}"
EndProject
Global
	GlobalSection(SolutionConfigurationPlatforms) = preSolution
		Debug|Any CPU = Debug|Any CPU
		Release|Any CPU = Release|Any CPU
	EndGlobalSection
	GlobalSection(ProjectConfigurationPlatforms) = postSolution
		{30C5B38B-CBBA-4089-945F-F69C4D8B55D8}.Debug|Any CPU.ActiveCfg = Debug|Any CPU
		{30C5B38B-CBBA-4089-945F-F69C4D8B55D8}.Debug|Any CPU.Build.0 = Debug|Any CPU
		{30C5B38B-CBBA-4089-945F-F69C4D8B55D8}.Release|Any CPU.ActiveCfg = Release|Any CPU
		{30C5B38B-CBBA-4089-945F-F69C4D8B55D8}.Release|Any CPU.Build.0 = Release|Any CPU
		{4432EF6A-1315-476C-824E-86C9CB507F05}.Debug|Any CPU.ActiveCfg = Debug|Any CPU
		{4432EF6A-1315-476C-824E-86C9CB507F05}.Debug|Any CPU.Build.0 = Debug|Any CPU
		{4432EF6A-1315-476C-824E-86C9CB507F05}.Debug|Any CPU.Deploy.0 = Debug|Any CPU
		{4432EF6A-1315-476C-824E-86C9CB507F05}.Release|Any CPU.ActiveCfg = Release|Any CPU
		{4432EF6A-1315-476C-824E-86C9CB507F05}.Release|Any CPU.Build.0 = Release|Any CPU
		{4432EF6A-1315-476C-824E-86C9CB507F05}.Release|Any CPU.Deploy.0 = Release|Any CPU
	EndGlobalSection
	GlobalSection(SolutionProperties) = preSolution
		HideSolutionNode = FALSE
	EndGlobalSection
	GlobalSection(ExtensibilityGlobals) = postSolution
		SolutionGuid = {ABDAE22A-7132-4C47-BA20-47D660857FC3}
	EndGlobalSection
EndGlobal
